
Microsoft Visual Studio Solution File, Format Version 12.00
# Visual Studio Version 17
VisualStudioVersion = 17.8.34511.84
MinimumVisualStudioVersion = 10.0.40219.1
Project("{FAE04EC0-301F-11D3-BF4B-00C04F79EFBC}") = "GamingLobby", "GamingLobby\GamingLobby.csproj", "{C60DCDC1-D588-4A47-BC4F-F9D43733C21F}"
EndProject
Project("{FAE04EC0-301F-11D3-BF4B-00C04F79EFBC}") = "LobbyDatabase", "LobbyDatabase\LobbyDatabase.csproj", "{73B5762C-1E25-479A-97BE-BCBB3067F687}"
EndProject
Project("{FAE04EC0-301F-11D3-BF4B-00C04F79EFBC}") = "BusinessTier", "BusinessTier\BusinessTier.csproj", "{8C3B707B-7634-465A-9811-075C8B1622C3}"
EndProject
Project("{FAE04EC0-301F-11D3-BF4B-00C04F79EFBC}") = "ClientInterface", "ClientInterface\ClientInterface.csproj", "{D416F358-83C5-41DF-908C-4F510BA5DA20}"
EndProject
Global
	GlobalSection(SolutionConfigurationPlatforms) = preSolution
		Debug|Any CPU = Debug|Any CPU
		Release|Any CPU = Release|Any CPU
	EndGlobalSection
	GlobalSection(ProjectConfigurationPlatforms) = postSolution
		{C60DCDC1-D588-4A47-BC4F-F9D43733C21F}.Debug|Any CPU.ActiveCfg = Debug|Any CPU
		{C60DCDC1-D588-4A47-BC4F-F9D43733C21F}.Debug|Any CPU.Build.0 = Debug|Any CPU
		{C60DCDC1-D588-4A47-BC4F-F9D43733C21F}.Release|Any CPU.ActiveCfg = Release|Any CPU
		{73B5762C-1E25-479A-97BE-BCBB3067F687}.Debug|Any CPU.ActiveCfg = Debug|Any CPU
		{73B5762C-1E25-479A-97BE-BCBB3067F687}.Debug|Any CPU.Build.0 = Debug|Any CPU
		{73B5762C-1E25-479A-97BE-BCBB3067F687}.Release|Any CPU.ActiveCfg = Release|Any CPU
		{8C3B707B-7634-465A-9811-075C8B1622C3}.Debug|Any CPU.ActiveCfg = Debug|Any CPU
		{8C3B707B-7634-465A-9811-075C8B1622C3}.Debug|Any CPU.Build.0 = Debug|Any CPU
		{8C3B707B-7634-465A-9811-075C8B1622C3}.Release|Any CPU.ActiveCfg = Release|Any CPU
		{8C3B707B-7634-465A-9811-075C8B1622C3}.Release|Any CPU.Build.0 = Release|Any CPU
		{D416F358-83C5-41DF-908C-4F510BA5DA20}.Debug|Any CPU.ActiveCfg = Debug|Any CPU
		{D416F358-83C5-41DF-908C-4F510BA5DA20}.Debug|Any CPU.Build.0 = Debug|Any CPU
		{D416F358-83C5-41DF-908C-4F510BA5DA20}.Release|Any CPU.ActiveCfg = Release|Any CPU
		{D416F358-83C5-41DF-908C-4F510BA5DA20}.Release|Any CPU.Build.0 = Release|Any CPU
	EndGlobalSection
	GlobalSection(SolutionProperties) = preSolution
		HideSolutionNode = FALSE
	EndGlobalSection
	GlobalSection(ExtensibilityGlobals) = postSolution
		SolutionGuid = {E82A6738-99BD-4F44-8F1C-F735D9A24395}
	EndGlobalSection
EndGlobal
